// !$*UTF8*$!
{
	archiveVersion = 1;
	classes = {
	};
	objectVersion = 46;
	objects = {

/* Begin PBXBuildFile section */
		338EC7821D049C68004B8F6C /* AppDelegate.swift in Sources */ = {isa = PBXBuildFile; fileRef = 338EC7811D049C68004B8F6C /* AppDelegate.swift */; };
		338EC7841D049C68004B8F6C /* ViewController.swift in Sources */ = {isa = PBXBuildFile; fileRef = 338EC7831D049C68004B8F6C /* ViewController.swift */; };
		338EC7871D049C68004B8F6C /* Main.storyboard in Resources */ = {isa = PBXBuildFile; fileRef = 338EC7851D049C68004B8F6C /* Main.storyboard */; };
		338EC7891D049C68004B8F6C /* Assets.xcassets in Resources */ = {isa = PBXBuildFile; fileRef = 338EC7881D049C68004B8F6C /* Assets.xcassets */; };
		338EC78C1D049C68004B8F6C /* LaunchScreen.storyboard in Resources */ = {isa = PBXBuildFile; fileRef = 338EC78A1D049C68004B8F6C /* LaunchScreen.storyboard */; };
		338EC7941D049C80004B8F6C /* Datos.swift in Sources */ = {isa = PBXBuildFile; fileRef = 338EC7931D049C80004B8F6C /* Datos.swift */; };
/* End PBXBuildFile section */

/* Begin PBXFileReference section */
		338EC77E1D049C68004B8F6C /* Hamburguesas.app */ = {isa = PBXFileReference; explicitFileType = wrapper.application; includeInIndex = 0; path = Hamburguesas.app; sourceTree = BUILT_PRODUCTS_DIR; };
		338EC7811D049C68004B8F6C /* AppDelegate.swift */ = {isa = PBXFileReference; lastKnownFileType = sourcecode.swift; path = AppDelegate.swift; sourceTree = "<group>"; };
		338EC7831D049C68004B8F6C /* ViewController.swift */ = {isa = PBXFileReference; lastKnownFileType = sourcecode.swift; path = ViewController.swift; sourceTree = "<group>"; };
		338EC7861D049C68004B8F6C /* Base */ = {isa = PBXFileReference; lastKnownFileType = file.storyboard; name = Base; path = Base.lproj/Main.storyboard; sourceTree = "<group>"; };
		338EC7881D049C68004B8F6C /* Assets.xcassets */ = {isa = PBXFileReference; lastKnownFileType = folder.assetcatalog; path = Assets.xcassets; sourceTree = "<group>"; };
		338EC78B1D049C68004B8F6C /* Base */ = {isa = PBXFileReference; lastKnownFileType = file.storyboard; name = Base; path = Base.lproj/LaunchScreen.storyboard; sourceTree = "<group>"; };
		338EC78D1D049C68004B8F6C /* Info.plist */ = {isa = PBXFileReference; lastKnownFileType = text.plist.xml; path = Info.plist; sourceTree = "<group>"; };
		338EC7931D049C80004B8F6C /* Datos.swift */ = {isa = PBXFileReference; fileEncoding = 4; lastKnownFileType = sourcecode.swift; path = Datos.swift; sourceTree = "<group>"; };
/* End PBXFileReference section */

/* Begin PBXFrameworksBuildPhase section */
		338EC77B1D049C68004B8F6C /* Frameworks */ = {
			isa = PBXFrameworksBuildPhase;
			buildActionMask = 2147483647;
			files = (
			);
			runOnlyForDeploymentPostprocessing = 0;
		};
/* End PBXFrameworksBuildPhase section */

/* Begin PBXGroup section */
		338EC7751D049C68004B8F6C = {
			isa = PBXGroup;
			children = (
				338EC7801D049C68004B8F6C /* Hamburguesas */,
				338EC77F1D049C68004B8F6C /* Products */,
			);
			sourceTree = "<group>";
		};
		338EC77F1D049C68004B8F6C /* Products */ = {
			isa = PBXGroup;
			children = (
				338EC77E1D049C68004B8F6C /* Hamburguesas.app */,
			);
			name = Products;
			sourceTree = "<group>";
		};
		338EC7801D049C68004B8F6C /* Hamburguesas */ = {
			isa = PBXGroup;
			children = (
				338EC7811D049C68004B8F6C /* AppDelegate.swift */,
				338EC7831D049C68004B8F6C /* ViewController.swift */,
				338EC7851D049C68004B8F6C /* Main.storyboard */,
				338EC7931D049C80004B8F6C /* Datos.swift */,
				338EC7881D049C68004B8F6C /* Assets.xcassets */,
				338EC78A1D049C68004B8F6C /* LaunchScreen.storyboard */,
				338EC78D1D049C68004B8F6C /* Info.plist */,
			);
			path = Hamburguesas;
			sourceTree = "<group>";
		};
/* End PBXGroup section */

/* Begin PBXNativeTarget section */
		338EC77D1D049C68004B8F6C /* Hamburguesas */ = {
			isa = PBXNativeTarget;
			buildConfigurationList = 338EC7901D049C68004B8F6C /* Build configuration list for PBXNativeTarget "Hamburguesas" */;
			buildPhases = (
				338EC77A1D049C68004B8F6C /* Sources */,
				338EC77B1D049C68004B8F6C /* Frameworks */,
				338EC77C1D049C68004B8F6C /* Resources */,
			);
			buildRules = (
			);
			dependencies = (
			);
			name = Hamburguesas;
			productName = Hamburguesas;
			productReference = 338EC77E1D049C68004B8F6C /* Hamburguesas.app */;
			productType = "com.apple.product-type.application";
		};
/* End PBXNativeTarget section */

/* Begin PBXProject section */
		338EC7761D049C68004B8F6C /* Project object */ = {
			isa = PBXProject;
			attributes = {
				LastSwiftUpdateCheck = 0730;
				LastUpgradeCheck = 0730;
				ORGANIZATIONNAME = "Daniel García Morales";
				TargetAttributes = {
					338EC77D1D049C68004B8F6C = {
						CreatedOnToolsVersion = 7.3.1;
						DevelopmentTeam = 7S4M45BA82;
					};
				};
			};
			buildConfigurationList = 338EC7791D049C68004B8F6C /* Build configuration list for PBXProject "Hamburguesas" */;
			compatibilityVersion = "Xcode 3.2";
			developmentRegion = English;
			hasScannedForEncodings = 0;
			knownRegions = (
				en,
				Base,
			);
			mainGroup = 338EC7751D049C68004B8F6C;
			productRefGroup = 338EC77F1D049C68004B8F6C /* Products */;
			projectDirPath = "";
			projectRoot = "";
			targets = (
				338EC77D1D049C68004B8F6C /* Hamburguesas */,
			);
		};
/* End PBXProject section */

/* Begin PBXResourcesBuildPhase section */
		338EC77C1D049C68004B8F6C /* Resources */ = {
			isa = PBXResourcesBuildPhase;
			buildActionMask = 2147483647;
			files = (
				338EC78C1D049C68004B8F6C /* LaunchScreen.storyboard in Resources */,
				338EC7891D049C68004B8F6C /* Assets.xcassets in Resources */,
				338EC7871D049C68004B8F6C /* Main.storyboard in Resources */,
			);
			runOnlyForDeploymentPostprocessing = 0;
		};
/* End PBXResourcesBuildPhase section */

/* Begin PBXSourcesBuildPhase section */
		338EC77A1D049C68004B8F6C /* Sources */ = {
			isa = PBXSourcesBuildPhase;
			buildActionMask = 2147483647;
			files = (
				338EC7841D049C68004B8F6C /* ViewController.swift in Sources */,
				338EC7821D049C68004B8F6C /* AppDelegate.swift in Sources */,
				338EC7941D049C80004B8F6C /* Datos.swift in Sources */,
			);
			runOnlyForDeploymentPostprocessing = 0;
		};
/* End PBXSourcesBuildPhase section */

/* Begin PBXVariantGroup section */
		338EC7851D049C68004B8F6C /* Main.storyboard */ = {
			isa = PBXVariantGroup;
			children = (
				338EC7861D049C68004B8F6C /* Base */,
			);
			name = Main.storyboard;
			sourceTree = "<group>";
		};
		338EC78A1D049C68004B8F6C /* LaunchScreen.storyboard */ = {
			isa = PBXVariantGroup;
			children = (
				338EC78B1D049C68004B8F6C /* Base */,
			);
			name = LaunchScreen.storyboard;
			sourceTree = "<group>";
		};
/* End PBXVariantGroup section */

/* Begin XCBuildConfiguration section */
		338EC78E1D049C68004B8F6C /* Debug */ = {
			isa = XCBuildConfiguration;
			buildSettings = {
				ALWAYS_SEARCH_USER_PATHS = NO;
				CLANG_ANALYZER_NONNULL = YES;
				CLANG_CXX_LANGUAGE_STANDARD = "gnu++0x";
				CLANG_CXX_LIBRARY = "libc++";
				CLANG_ENABLE_MODULES = YES;
				CLANG_ENABLE_OBJC_ARC = YES;
				CLANG_WARN_BOOL_CONVERSION = YES;
				CLANG_WARN_CONSTANT_CONVERSION = YES;
				CLANG_WARN_DIRECT_OBJC_ISA_USAGE = YES_ERROR;
				CLANG_WARN_EMPTY_BODY = YES;
				CLANG_WARN_ENUM_CONVERSION = YES;
				CLANG_WARN_INT_CONVERSION = YES;
				CLANG_WARN_OBJC_ROOT_CLASS = YES_ERROR;
				CLANG_WARN_UNREACHABLE_CODE = YES;
				CLANG_WARN__DUPLICATE_METHOD_MATCH = YES;
				"CODE_SIGN_IDENTITY[sdk=iphoneos*]" = "iPhone Developer";
				COPY_PHASE_STRIP = NO;
				DEBUG_INFORMATION_FORMAT = dwarf;
				ENABLE_STRICT_OBJC_MSGSEND = YES;
				ENABLE_TESTABILITY = YES;
				GCC_C_LANGUAGE_STANDARD = gnu99;
				GCC_DYNAMIC_NO_PIC = NO;
				GCC_NO_COMMON_BLOCKS = YES;
				GCC_OPTIMIZATION_LEVEL = 0;
				GCC_PREPROCESSOR_DEFINITIONS = (
					"DEBUG=1",
					"$(inherited)",
				);
				GCC_WARN_64_TO_32_BIT_CONVERSION = YES;
				GCC_WARN_ABOUT_RETURN_TYPE = YES_ERROR;
				GCC_WARN_UNDECLARED_SELECTOR = YES;
				GCC_WARN_UNINITIALIZED_AUTOS = YES_AGGRESSIVE;
				GCC_WARN_UNUSED_FUNCTION = YES;
				GCC_WARN_UNUSED_VARIABLE = YES;
				IPHONEOS_DEPLOYMENT_TARGET = 9.3;
				MTL_ENABLE_DEBUG_INFO = YES;
				ONLY_ACTIVE_ARCH = YES;
				SDKROOT = iphoneos;
				SWIFT_OPTIMIZATION_LEVEL = "-Onone";
			};
			name = Debug;
		};
		338EC78F1D049C68004B8F6C /* Release */ = {
			isa = XCBuildConfiguration;
			buildSettings = {
				ALWAYS_SEARCH_USER_PATHS = NO;
				CLANG_ANALYZER_NONNULL = YES;
				CLANG_CXX_LANGUAGE_STANDARD = "gnu++0x";
				CLANG_CXX_LIBRARY = "libc++";
				CLANG_ENABLE_MODULES = YES;
				CLANG_ENABLE_OBJC_ARC = YES;
				CLANG_WARN_BOOL_CONVERSION = YES;
				CLANG_WARN_CONSTANT_CONVERSION = YES;
				CLANG_WARN_DIRECT_OBJC_ISA_USAGE = YES_ERROR;
				CLANG_WARN_EMPTY_BODY = YES;
				CLANG_WARN_ENUM_CONVERSION = YES;
				CLANG_WARN_INT_CONVERSION = YES;
				CLANG_WARN_OBJC_ROOT_CLASS = YES_ERROR;
				CLANG_WARN_UNREACHABLE_CODE = YES;
				CLANG_WARN__DUPLICATE_METHOD_MATCH = YES;
				"CODE_SIGN_IDENTITY[sdk=iphoneos*]" = "iPhone Developer";
				COPY_PHASE_STRIP = NO;
				DEBUG_INFORMATION_FORMAT = "dwarf-with-dsym";
				ENABLE_NS_ASSERTIONS = NO;
				ENABLE_STRICT_OBJC_MSGSEND = YES;
				GCC_C_LANGUAGE_STANDARD = gnu99;
				GCC_NO_COMMON_BLOCKS = YES;
				GCC_WARN_64_TO_32_BIT_CONVERSION = YES;
				GCC_WARN_ABOUT_RETURN_TYPE = YES_ERROR;
				GCC_WARN_UNDECLARED_SELECTOR = YES;
				GCC_WARN_UNINITIALIZED_AUTOS = YES_AGGRESSIVE;
				GCC_WARN_UNUSED_FUNCTION = YES;
				GCC_WARN_UNUSED_VARIABLE = YES;
				IPHONEOS_DEPLOYMENT_TARGET = 9.3;
				MTL_ENABLE_DEBUG_INFO = NO;
				SDKROOT = iphoneos;
				VALIDATE_PRODUCT = YES;
			};
			name = Release;
		};
		338EC7911D049C68004B8F6C /* Debug */ = {
			isa = XCBuildConfiguration;
			buildSettings = {
				ASSETCATALOG_COMPILER_APPICON_NAME = AppIcon;
				INFOPLIST_FILE = Hamburguesas/Info.plist;
				LD_RUNPATH_SEARCH_PATHS = "$(inherited) @executable_path/Frameworks";
				PRODUCT_BUNDLE_IDENTIFIER = danielgarciamorales.Hamburguesas;
				PRODUCT_NAME = "$(TARGET_NAME)";
			};
			name = Debug;
		};
		338EC7921D049C68004B8F6C /* Release */ = {
			isa = XCBuildConfiguration;
			buildSettings = {
				ASSETCATALOG_COMPILER_APPICON_NAME = AppIcon;
				INFOPLIST_FILE = Hamburguesas/Info.plist;
				LD_RUNPATH_SEARCH_PATHS = "$(inherited) @executable_path/Frameworks";
				PRODUCT_BUNDLE_IDENTIFIER = danielgarciamorales.Hamburguesas;
				PRODUCT_NAME = "$(TARGET_NAME)";
			};
			name = Release;
		};
/* End XCBuildConfiguration section */

/* Begin XCConfigurationList section */
		338EC7791D049C68004B8F6C /* Build configuration list for PBXProject "Hamburguesas" */ = {
			isa = XCConfigurationList;
			buildConfigurations = (
				338EC78E1D049C68004B8F6C /* Debug */,
				338EC78F1D049C68004B8F6C /* Release */,
			);
			defaultConfigurationIsVisible = 0;
			defaultConfigurationName = Release;
		};
		338EC7901D049C68004B8F6C /* Build configuration list for PBXNativeTarget "Hamburguesas" */ = {
			isa = XCConfigurationList;
			buildConfigurations = (
				338EC7911D049C68004B8F6C /* Debug */,
				338EC7921D049C68004B8F6C /* Release */,
			);
			defaultConfigurationIsVisible = 0;
		};
/* End XCConfigurationList section */
	};
	rootObject = 338EC7761D049C68004B8F6C /* Project object */;
}
